
Microsoft Visual Studio Solution File, Format Version 12.00
# Visual Studio Version 17
VisualStudioVersion = 17.10.35013.160
MinimumVisualStudioVersion = 10.0.40219.1
Project("{FAE04EC0-301F-11D3-BF4B-00C04F79EFBC}") = "FileReadWritePoc", "FileReadWritePoc.csproj", "{961A9313-4F66-4C8F-A100-7BE7A066A879}"
EndProject
Global
	GlobalSection(SolutionConfigurationPlatforms) = preSolution
		Debug|Any CPU = Debug|Any CPU
		Release|Any CPU = Release|Any CPU
	EndGlobalSection
	GlobalSection(ProjectConfigurationPlatforms) = postSolution
		{961A9313-4F66-4C8F-A100-7BE7A066A879}.Debug|Any CPU.ActiveCfg = Debug|Any CPU
		{961A9313-4F66-4C8F-A100-7BE7A066A879}.Debug|Any CPU.Build.0 = Debug|Any CPU
		{961A9313-4F66-4C8F-A100-7BE7A066A879}.Release|Any CPU.ActiveCfg = Release|Any CPU
		{961A9313-4F66-4C8F-A100-7BE7A066A879}.Release|Any CPU.Build.0 = Release|Any CPU
	EndGlobalSection
	GlobalSection(SolutionProperties) = preSolution
		HideSolutionNode = FALSE
	EndGlobalSection
	GlobalSection(ExtensibilityGlobals) = postSolution
		SolutionGuid = {F50BBDC0-3DEE-4F15-94D2-CE3318880579}
	EndGlobalSection
EndGlobal
